// !$*UTF8*$!
{
	archiveVersion = 1;
	classes = {
	};
	objectVersion = 46;
	objects = {

/* Begin PBXBuildFile section */
		16BB94671F323B0C0020B785 /* AppDelegate.swift in Sources */ = {isa = PBXBuildFile; fileRef = 16BB94661F323B0C0020B785 /* AppDelegate.swift */; };
		16BB94691F323B0C0020B785 /* ViewController.swift in Sources */ = {isa = PBXBuildFile; fileRef = 16BB94681F323B0C0020B785 /* ViewController.swift */; };
		16BB946C1F323B0C0020B785 /* Main.storyboard in Resources */ = {isa = PBXBuildFile; fileRef = 16BB946A1F323B0C0020B785 /* Main.storyboard */; };
		16BB946E1F323B0C0020B785 /* Assets.xcassets in Resources */ = {isa = PBXBuildFile; fileRef = 16BB946D1F323B0C0020B785 /* Assets.xcassets */; };
		16BB94711F323B0C0020B785 /* LaunchScreen.storyboard in Resources */ = {isa = PBXBuildFile; fileRef = 16BB946F1F323B0C0020B785 /* LaunchScreen.storyboard */; };
		16BB947F1F32409E0020B785 /* Fetcher.java in Sources */ = {isa = PBXBuildFile; fileRef = 16BB947E1F32409E0020B785 /* Fetcher.java */; };
/* End PBXBuildFile section */

/* Begin PBXBuildRule section */
		16BB94801F3243610020B785 /* PBXBuildRule */ = {
			isa = PBXBuildRule;
			compilerSpec = com.apple.compilers.proxy.script;
			fileType = sourcecode.java;
			isEditable = 1;
			outputFiles = (
				"${DERIVED_FILES_DIR}/${INPUT_FILE_BASE}.m",
				"${DERIVED_FILES_DIR}/${INPUT_FILE_BASE}.h",
			);
			script = "if [ ! -f \"${J2OBJC_HOME}/j2objc\" ]; then echo \"J2OBJC_HOME is not correctly defined, currently set to '${J2OBJC_HOME}'\"; exit 1; fi;\n\"${J2OBJC_HOME}/j2objc\" -d ${DERIVED_FILES_DIR} -sourcepath \"${PROJECT_DIR}/J2ObjcTest/Shared\" --prefix io.ernesto.hn.shared=IOE --no-package-directories -use-arc --swift-friendly -g -v -classpath \"${J2OBJC_NULLABILITY}\" ${INPUT_FILE_PATH};";
		};
/* End PBXBuildRule section */

/* Begin PBXFileReference section */
		16BB94631F323B0C0020B785 /* J2ObjcTest.app */ = {isa = PBXFileReference; explicitFileType = wrapper.application; includeInIndex = 0; path = J2ObjcTest.app; sourceTree = BUILT_PRODUCTS_DIR; };
		16BB94661F323B0C0020B785 /* AppDelegate.swift */ = {isa = PBXFileReference; lastKnownFileType = sourcecode.swift; path = AppDelegate.swift; sourceTree = "<group>"; };
		16BB94681F323B0C0020B785 /* ViewController.swift */ = {isa = PBXFileReference; lastKnownFileType = sourcecode.swift; path = ViewController.swift; sourceTree = "<group>"; };
		16BB946B1F323B0C0020B785 /* Base */ = {isa = PBXFileReference; lastKnownFileType = file.storyboard; name = Base; path = Base.lproj/Main.storyboard; sourceTree = "<group>"; };
		16BB946D1F323B0C0020B785 /* Assets.xcassets */ = {isa = PBXFileReference; lastKnownFileType = folder.assetcatalog; path = Assets.xcassets; sourceTree = "<group>"; };
		16BB94701F323B0C0020B785 /* Base */ = {isa = PBXFileReference; lastKnownFileType = file.storyboard; name = Base; path = Base.lproj/LaunchScreen.storyboard; sourceTree = "<group>"; };
		16BB94721F323B0C0020B785 /* Info.plist */ = {isa = PBXFileReference; lastKnownFileType = text.plist.xml; path = Info.plist; sourceTree = "<group>"; };
		16BB94781F323B220020B785 /* J2ObjcTest-Bridging-Header.h */ = {isa = PBXFileReference; lastKnownFileType = sourcecode.c.h; path = "J2ObjcTest-Bridging-Header.h"; sourceTree = "<group>"; };
		16BB947C1F323C5D0020B785 /* Settings.xcconfig */ = {isa = PBXFileReference; lastKnownFileType = text.xcconfig; path = Settings.xcconfig; sourceTree = "<group>"; };
		16BB947E1F32409E0020B785 /* Fetcher.java */ = {isa = PBXFileReference; fileEncoding = 4; lastKnownFileType = sourcecode.java; name = Fetcher.java; path = Shared/Fetcher.java; sourceTree = "<group>"; };
/* End PBXFileReference section */

/* Begin PBXFrameworksBuildPhase section */
		16BB94601F323B0C0020B785 /* Frameworks */ = {
			isa = PBXFrameworksBuildPhase;
			buildActionMask = 2147483647;
			files = (
			);
			runOnlyForDeploymentPostprocessing = 0;
		};
/* End PBXFrameworksBuildPhase section */

/* Begin PBXGroup section */
		16BB945A1F323B0C0020B785 = {
			isa = PBXGroup;
			children = (
				16BB947C1F323C5D0020B785 /* Settings.xcconfig */,
				16BB94651F323B0C0020B785 /* J2ObjcTest */,
				16BB94641F323B0C0020B785 /* Products */,
				16BB94811F3247DC0020B785 /* Frameworks */,
			);
			sourceTree = "<group>";
		};
		16BB94641F323B0C0020B785 /* Products */ = {
			isa = PBXGroup;
			children = (
				16BB94631F323B0C0020B785 /* J2ObjcTest.app */,
			);
			name = Products;
			sourceTree = "<group>";
		};
		16BB94651F323B0C0020B785 /* J2ObjcTest */ = {
			isa = PBXGroup;
			children = (
				16BB947D1F32408B0020B785 /* Shared */,
				16BB94661F323B0C0020B785 /* AppDelegate.swift */,
				16BB94681F323B0C0020B785 /* ViewController.swift */,
				16BB946A1F323B0C0020B785 /* Main.storyboard */,
				16BB946D1F323B0C0020B785 /* Assets.xcassets */,
				16BB946F1F323B0C0020B785 /* LaunchScreen.storyboard */,
				16BB94721F323B0C0020B785 /* Info.plist */,
				16BB94781F323B220020B785 /* J2ObjcTest-Bridging-Header.h */,
			);
			path = J2ObjcTest;
			sourceTree = "<group>";
		};
		16BB947D1F32408B0020B785 /* Shared */ = {
			isa = PBXGroup;
			children = (
				16BB947E1F32409E0020B785 /* Fetcher.java */,
			);
			name = Shared;
			sourceTree = "<group>";
		};
		16BB94811F3247DC0020B785 /* Frameworks */ = {
			isa = PBXGroup;
			children = (
			);
			name = Frameworks;
			sourceTree = "<group>";
		};
/* End PBXGroup section */

/* Begin PBXNativeTarget section */
		16BB94621F323B0C0020B785 /* J2ObjcTest */ = {
			isa = PBXNativeTarget;
			buildConfigurationList = 16BB94751F323B0C0020B785 /* Build configuration list for PBXNativeTarget "J2ObjcTest" */;
			buildPhases = (
				16BB945F1F323B0C0020B785 /* Sources */,
				16BB94601F323B0C0020B785 /* Frameworks */,
				16BB94611F323B0C0020B785 /* Resources */,
			);
			buildRules = (
				16BB94801F3243610020B785 /* PBXBuildRule */,
			);
			dependencies = (
			);
			name = J2ObjcTest;
			productName = J2ObjcTest;
			productReference = 16BB94631F323B0C0020B785 /* J2ObjcTest.app */;
			productType = "com.apple.product-type.application";
		};
/* End PBXNativeTarget section */

/* Begin PBXProject section */
		16BB945B1F323B0C0020B785 /* Project object */ = {
			isa = PBXProject;
			attributes = {
				LastSwiftUpdateCheck = 0830;
				LastUpgradeCheck = 0830;
				ORGANIZATIONNAME = "Ernesto Torres";
				TargetAttributes = {
					16BB94621F323B0C0020B785 = {
						CreatedOnToolsVersion = 8.3.3;
						LastSwiftMigration = 0830;
						ProvisioningStyle = Automatic;
					};
				};
			};
			buildConfigurationList = 16BB945E1F323B0C0020B785 /* Build configuration list for PBXProject "J2ObjcTest" */;
			compatibilityVersion = "Xcode 3.2";
			developmentRegion = English;
			hasScannedForEncodings = 0;
			knownRegions = (
				en,
				Base,
			);
			mainGroup = 16BB945A1F323B0C0020B785;
			productRefGroup = 16BB94641F323B0C0020B785 /* Products */;
			projectDirPath = "";
			projectRoot = "";
			targets = (
				16BB94621F323B0C0020B785 /* J2ObjcTest */,
			);
		};
/* End PBXProject section */

/* Begin PBXResourcesBuildPhase section */
		16BB94611F323B0C0020B785 /* Resources */ = {
			isa = PBXResourcesBuildPhase;
			buildActionMask = 2147483647;
			files = (
				16BB94711F323B0C0020B785 /* LaunchScreen.storyboard in Resources */,
				16BB946E1F323B0C0020B785 /* Assets.xcassets in Resources */,
				16BB946C1F323B0C0020B785 /* Main.storyboard in Resources */,
			);
			runOnlyForDeploymentPostprocessing = 0;
		};
/* End PBXResourcesBuildPhase section */

/* Begin PBXSourcesBuildPhase section */
		16BB945F1F323B0C0020B785 /* Sources */ = {
			isa = PBXSourcesBuildPhase;
			buildActionMask = 2147483647;
			files = (
				16BB947F1F32409E0020B785 /* Fetcher.java in Sources */,
				16BB94691F323B0C0020B785 /* ViewController.swift in Sources */,
				16BB94671F323B0C0020B785 /* AppDelegate.swift in Sources */,
			);
			runOnlyForDeploymentPostprocessing = 0;
		};
/* End PBXSourcesBuildPhase section */

/* Begin PBXVariantGroup section */
		16BB946A1F323B0C0020B785 /* Main.storyboard */ = {
			isa = PBXVariantGroup;
			children = (
				16BB946B1F323B0C0020B785 /* Base */,
			);
			name = Main.storyboard;
			sourceTree = "<group>";
		};
		16BB946F1F323B0C0020B785 /* LaunchScreen.storyboard */ = {
			isa = PBXVariantGroup;
			children = (
				16BB94701F323B0C0020B785 /* Base */,
			);
			name = LaunchScreen.storyboard;
			sourceTree = "<group>";
		};
/* End PBXVariantGroup section */

/* Begin XCBuildConfiguration section */
		16BB94731F323B0C0020B785 /* Debug */ = {
			isa = XCBuildConfiguration;
			baseConfigurationReference = 16BB947C1F323C5D0020B785 /* Settings.xcconfig */;
			buildSettings = {
				ALWAYS_SEARCH_USER_PATHS = NO;
				CLANG_ANALYZER_NONNULL = YES;
				CLANG_ANALYZER_NUMBER_OBJECT_CONVERSION = YES_AGGRESSIVE;
				CLANG_CXX_LANGUAGE_STANDARD = "gnu++0x";
				CLANG_CXX_LIBRARY = "libc++";
				CLANG_ENABLE_MODULES = YES;
				CLANG_ENABLE_OBJC_ARC = YES;
				CLANG_WARN_BOOL_CONVERSION = YES;
				CLANG_WARN_CONSTANT_CONVERSION = YES;
				CLANG_WARN_DIRECT_OBJC_ISA_USAGE = YES_ERROR;
				CLANG_WARN_DOCUMENTATION_COMMENTS = YES;
				CLANG_WARN_EMPTY_BODY = YES;
				CLANG_WARN_ENUM_CONVERSION = YES;
				CLANG_WARN_INFINITE_RECURSION = YES;
				CLANG_WARN_INT_CONVERSION = YES;
				CLANG_WARN_OBJC_ROOT_CLASS = YES_ERROR;
				CLANG_WARN_SUSPICIOUS_MOVE = YES;
				CLANG_WARN_UNREACHABLE_CODE = YES;
				CLANG_WARN__DUPLICATE_METHOD_MATCH = YES;
				"CODE_SIGN_IDENTITY[sdk=iphoneos*]" = "iPhone Developer";
				COPY_PHASE_STRIP = NO;
				DEBUG_INFORMATION_FORMAT = dwarf;
				ENABLE_STRICT_OBJC_MSGSEND = YES;
				ENABLE_TESTABILITY = YES;
				GCC_C_LANGUAGE_STANDARD = gnu99;
				GCC_DYNAMIC_NO_PIC = NO;
				GCC_NO_COMMON_BLOCKS = YES;
				GCC_OPTIMIZATION_LEVEL = 0;
				GCC_PREPROCESSOR_DEFINITIONS = (
					"DEBUG=1",
					"$(inherited)",
				);
				GCC_WARN_64_TO_32_BIT_CONVERSION = YES;
				GCC_WARN_ABOUT_RETURN_TYPE = YES_ERROR;
				GCC_WARN_UNDECLARED_SELECTOR = YES;
				GCC_WARN_UNINITIALIZED_AUTOS = YES_AGGRESSIVE;
				GCC_WARN_UNUSED_FUNCTION = YES;
				GCC_WARN_UNUSED_VARIABLE = YES;
				IPHONEOS_DEPLOYMENT_TARGET = 10.3;
				MTL_ENABLE_DEBUG_INFO = YES;
				ONLY_ACTIVE_ARCH = YES;
				SDKROOT = iphoneos;
				SWIFT_ACTIVE_COMPILATION_CONDITIONS = DEBUG;
				SWIFT_OPTIMIZATION_LEVEL = "-Onone";
			};
			name = Debug;
		};
		16BB94741F323B0C0020B785 /* Release */ = {
			isa = XCBuildConfiguration;
			baseConfigurationReference = 16BB947C1F323C5D0020B785 /* Settings.xcconfig */;
			buildSettings = {
				ALWAYS_SEARCH_USER_PATHS = NO;
				CLANG_ANALYZER_NONNULL = YES;
				CLANG_ANALYZER_NUMBER_OBJECT_CONVERSION = YES_AGGRESSIVE;
				CLANG_CXX_LANGUAGE_STANDARD = "gnu++0x";
				CLANG_CXX_LIBRARY = "libc++";
				CLANG_ENABLE_MODULES = YES;
				CLANG_ENABLE_OBJC_ARC = YES;
				CLANG_WARN_BOOL_CONVERSION = YES;
				CLANG_WARN_CONSTANT_CONVERSION = YES;
				CLANG_WARN_DIRECT_OBJC_ISA_USAGE = YES_ERROR;
				CLANG_WARN_DOCUMENTATION_COMMENTS = YES;
				CLANG_WARN_EMPTY_BODY = YES;
				CLANG_WARN_ENUM_CONVERSION = YES;
				CLANG_WARN_INFINITE_RECURSION = YES;
				CLANG_WARN_INT_CONVERSION = YES;
				CLANG_WARN_OBJC_ROOT_CLASS = YES_ERROR;
				CLANG_WARN_SUSPICIOUS_MOVE = YES;
				CLANG_WARN_UNREACHABLE_CODE = YES;
				CLANG_WARN__DUPLICATE_METHOD_MATCH = YES;
				"CODE_SIGN_IDENTITY[sdk=iphoneos*]" = "iPhone Developer";
				COPY_PHASE_STRIP = NO;
				DEBUG_INFORMATION_FORMAT = "dwarf-with-dsym";
				ENABLE_NS_ASSERTIONS = NO;
				ENABLE_STRICT_OBJC_MSGSEND = YES;
				GCC_C_LANGUAGE_STANDARD = gnu99;
				GCC_NO_COMMON_BLOCKS = YES;
				GCC_WARN_64_TO_32_BIT_CONVERSION = YES;
				GCC_WARN_ABOUT_RETURN_TYPE = YES_ERROR;
				GCC_WARN_UNDECLARED_SELECTOR = YES;
				GCC_WARN_UNINITIALIZED_AUTOS = YES_AGGRESSIVE;
				GCC_WARN_UNUSED_FUNCTION = YES;
				GCC_WARN_UNUSED_VARIABLE = YES;
				IPHONEOS_DEPLOYMENT_TARGET = 10.3;
				MTL_ENABLE_DEBUG_INFO = NO;
				SDKROOT = iphoneos;
				SWIFT_OPTIMIZATION_LEVEL = "-Owholemodule";
				VALIDATE_PRODUCT = YES;
			};
			name = Release;
		};
		16BB94761F323B0C0020B785 /* Debug */ = {
			isa = XCBuildConfiguration;
			buildSettings = {
				ASSETCATALOG_COMPILER_APPICON_NAME = AppIcon;
				CLANG_ENABLE_MODULES = YES;
				FRAMEWORK_SEARCH_PATHS = (
					"$(inherited)",
					"$(PROJECT_DIR)",
				);
				INFOPLIST_FILE = J2ObjcTest/Info.plist;
				LD_RUNPATH_SEARCH_PATHS = "$(inherited) @executable_path/Frameworks";
				PRODUCT_BUNDLE_IDENTIFIER = io.ernesto.J2ObjcTest;
				PRODUCT_NAME = "$(TARGET_NAME)";
				SWIFT_OBJC_BRIDGING_HEADER = "J2ObjcTest/J2ObjcTest-Bridging-Header.h";
				SWIFT_OPTIMIZATION_LEVEL = "-Onone";
				SWIFT_VERSION = 3.0;
			};
			name = Debug;
		};
		16BB94771F323B0C0020B785 /* Release */ = {
			isa = XCBuildConfiguration;
			buildSettings = {
				ASSETCATALOG_COMPILER_APPICON_NAME = AppIcon;
				CLANG_ENABLE_MODULES = YES;
				FRAMEWORK_SEARCH_PATHS = (
					"$(inherited)",
					"$(PROJECT_DIR)",
				);
				INFOPLIST_FILE = J2ObjcTest/Info.plist;
				LD_RUNPATH_SEARCH_PATHS = "$(inherited) @executable_path/Frameworks";
				PRODUCT_BUNDLE_IDENTIFIER = io.ernesto.J2ObjcTest;
				PRODUCT_NAME = "$(TARGET_NAME)";
				SWIFT_OBJC_BRIDGING_HEADER = "J2ObjcTest/J2ObjcTest-Bridging-Header.h";
				SWIFT_VERSION = 3.0;
			};
			name = Release;
		};
/* End XCBuildConfiguration section */

/* Begin XCConfigurationList section */
		16BB945E1F323B0C0020B785 /* Build configuration list for PBXProject "J2ObjcTest" */ = {
			isa = XCConfigurationList;
			buildConfigurations = (
				16BB94731F323B0C0020B785 /* Debug */,
				16BB94741F323B0C0020B785 /* Release */,
			);
			defaultConfigurationIsVisible = 0;
			defaultConfigurationName = Release;
		};
		16BB94751F323B0C0020B785 /* Build configuration list for PBXNativeTarget "J2ObjcTest" */ = {
			isa = XCConfigurationList;
			buildConfigurations = (
				16BB94761F323B0C0020B785 /* Debug */,
				16BB94771F323B0C0020B785 /* Release */,
			);
			defaultConfigurationIsVisible = 0;
			defaultConfigurationName = Release;
		};
/* End XCConfigurationList section */
	};
	rootObject = 16BB945B1F323B0C0020B785 /* Project object */;
}
